<?xml version="1.0" encoding="utf-8"?>
<Project ToolsVersion="4.0" xmlns="http://schemas.microsoft.com/developer/msbuild/2003">
  <ItemGroup>
    <Filter Include="Source Files">
      <UniqueIdentifier>{4FC737F1-C7A5-4376-A066-2A32D752A2FF}</UniqueIdentifier>
      <Extensions>cpp;c;cc;cxx;def;odl;idl;hpj;bat;asm;asmx</Extensions>
    </Filter>
    <Filter Include="Header Files">
      <UniqueIdentifier>{93995380-89BD-4b04-88EB-625FBE52EBFB}</UniqueIdentifier>
      <Extensions>h;hh;hpp;hxx;hm;inl;inc;xsd</Extensions>
    </Filter>
    <Filter Include="Resource Files">
      <UniqueIdentifier>{67DA6AB6-F800-4c08-8B7A-83BB121AAD01}</UniqueIdentifier>
      <Extensions>rc;ico;cur;bmp;dlg;rc2;rct;bin;rgs;gif;jpg;jpeg;jpe;resx;tiff;tif;png;wav;mfcribbon-ms</Extensions>
    </Filter>
  </ItemGroup>
  <ItemGroup>
    <ClCompile Include="Source.c">
      <Filter>Source Files</Filter>
    </ClCompile>
  </ItemGroup>
  <ItemGroup>
    <ClInclude Include="big_endian.h">
      <Filter>Header Files</Filter>
    </ClInclude>
    <ClInclude Include="binary_log_types.h">
      <Filter>Header Files</Filter>
    </ClInclude>
    <ClInclude Include="byte_order_generic.h">
      <Filter>Header Files</Filter>
    </ClInclude>
    <ClInclude Include="byte_order_generic_x86.h">
      <Filter>Header Files</Filter>
    </ClInclude>
    <ClInclude Include="decimal.h">
      <Filter>Header Files</Filter>
    </ClInclude>
    <ClInclude Include="errmsg.h">
      <Filter>Header Files</Filter>
    </ClInclude>
    <ClInclude Include="keycache.h">
      <Filter>Header Files</Filter>
    </ClInclude>
    <ClInclude Include="little_endian.h">
      <Filter>Header Files</Filter>
    </ClInclude>
    <ClInclude Include="m_ctype.h">
      <Filter>Header Files</Filter>
    </ClInclude>
    <ClInclude Include="m_string.h">
      <Filter>Header Files</Filter>
    </ClInclude>
    <ClInclude Include="my_alloc.h">
      <Filter>Header Files</Filter>
    </ClInclude>
    <ClInclude Include="my_byteorder.h">
      <Filter>Header Files</Filter>
    </ClInclude>
    <ClInclude Include="my_command.h">
      <Filter>Header Files</Filter>
    </ClInclude>
    <ClInclude Include="my_compiler.h">
      <Filter>Header Files</Filter>
    </ClInclude>
    <ClInclude Include="my_config.h">
      <Filter>Header Files</Filter>
    </ClInclude>
    <ClInclude Include="my_dbug.h">
      <Filter>Header Files</Filter>
    </ClInclude>
    <ClInclude Include="my_dir.h">
      <Filter>Header Files</Filter>
    </ClInclude>
    <ClInclude Include="my_getopt.h">
      <Filter>Header Files</Filter>
    </ClInclude>
    <ClInclude Include="my_global.h">
      <Filter>Header Files</Filter>
    </ClInclude>
    <ClInclude Include="my_list.h">
      <Filter>Header Files</Filter>
    </ClInclude>
    <ClInclude Include="my_sys.h">
      <Filter>Header Files</Filter>
    </ClInclude>
    <ClInclude Include="my_thread.h">
      <Filter>Header Files</Filter>
    </ClInclude>
    <ClInclude Include="my_thread_local.h">
      <Filter>Header Files</Filter>
    </ClInclude>
    <ClInclude Include="my_xml.h">
      <Filter>Header Files</Filter>
    </ClInclude>
    <ClInclude Include="mysql.h">
      <Filter>Header Files</Filter>
    </ClInclude>
    <ClInclude Include="mysql_com.h">
      <Filter>Header Files</Filter>
    </ClInclude>
    <ClInclude Include="mysql_com_server.h">
      <Filter>Header Files</Filter>
    </ClInclude>
    <ClInclude Include="mysql_embed.h">
      <Filter>Header Files</Filter>
    </ClInclude>
    <ClInclude Include="mysql_time.h">
      <Filter>Header Files</Filter>
    </ClInclude>
    <ClInclude Include="mysql_version.h">
      <Filter>Header Files</Filter>
    </ClInclude>
    <ClInclude Include="mysqld_ername.h">
      <Filter>Header Files</Filter>
    </ClInclude>
    <ClInclude Include="mysqld_error.h">
      <Filter>Header Files</Filter>
    </ClInclude>
    <ClInclude Include="plugin.h">
      <Filter>Header Files</Filter>
    </ClInclude>
    <ClInclude Include="plugin_audit.h">
      <Filter>Header Files</Filter>
    </ClInclude>
    <ClInclude Include="plugin_ftparser.h">
      <Filter>Header Files</Filter>
    </ClInclude>
    <ClInclude Include="plugin_group_replication.h">
      <Filter>Header Files</Filter>
    </ClInclude>
    <ClInclude Include="plugin_keyring.h">
      <Filter>Header Files</Filter>
    </ClInclude>
    <ClInclude Include="plugin_validate_password.h">
      <Filter>Header Files</Filter>
    </ClInclude>
    <ClInclude Include="sql_common.h">
      <Filter>Header Files</Filter>
    </ClInclude>
    <ClInclude Include="sql_state.h">
      <Filter>Header Files</Filter>
    </ClInclude>
    <ClInclude Include="sslopt-case.h">
      <Filter>Header Files</Filter>
    </ClInclude>
    <ClInclude Include="sslopt-longopts.h">
      <Filter>Header Files</Filter>
    </ClInclude>
    <ClInclude Include="sslopt-vars.h">
      <Filter>Header Files</Filter>
    </ClInclude>
    <ClInclude Include="thr_cond.h">
      <Filter>Header Files</Filter>
    </ClInclude>
    <ClInclude Include="thr_mutex.h">
      <Filter>Header Files</Filter>
    </ClInclude>
    <ClInclude Include="thr_rwlock.h">
      <Filter>Header Files</Filter>
    </ClInclude>
    <ClInclude Include="typelib.h">
      <Filter>Header Files</Filter>
    </ClInclude>
  </ItemGroup>
</Project>